
Microsoft Visual Studio Solution File, Format Version 12.00
# Visual Studio 2013
VisualStudioVersion = 12.0.40629.0
MinimumVisualStudioVersion = 10.0.40219.1
Project("{8BC9CEB8-8B4A-11D0-8D11-00A0C91BC942}") = "WinSockIOMode", "WinSockIOMode\WinSockIOMode.vcxproj", "{0626C835-CE1C-4AE0-B518-0E0D6DB16D8B}"
EndProject
Project("{8BC9CEB8-8B4A-11D0-8D11-00A0C91BC942}") = "Srv_Select", "Srv_Select\Srv_Select.vcxproj", "{F7E74BAE-4F71-4643-8452-030B8C4430C4}"
EndProject
Project("{8BC9CEB8-8B4A-11D0-8D11-00A0C91BC942}") = "Client", "Client\Client.vcxproj", "{747EFD34-6D33-47F0-B653-9CD8A9887AC2}"
EndProject
Global
	GlobalSection(SolutionConfigurationPlatforms) = preSolution
		Debug|Win32 = Debug|Win32
		Release|Win32 = Release|Win32
	EndGlobalSection
	GlobalSection(ProjectConfigurationPlatforms) = postSolution
		{0626C835-CE1C-4AE0-B518-0E0D6DB16D8B}.Debug|Win32.ActiveCfg = Debug|Win32
		{0626C835-CE1C-4AE0-B518-0E0D6DB16D8B}.Debug|Win32.Build.0 = Debug|Win32
		{0626C835-CE1C-4AE0-B518-0E0D6DB16D8B}.Release|Win32.ActiveCfg = Release|Win32
		{0626C835-CE1C-4AE0-B518-0E0D6DB16D8B}.Release|Win32.Build.0 = Release|Win32
		{F7E74BAE-4F71-4643-8452-030B8C4430C4}.Debug|Win32.ActiveCfg = Debug|Win32
		{F7E74BAE-4F71-4643-8452-030B8C4430C4}.Debug|Win32.Build.0 = Debug|Win32
		{F7E74BAE-4F71-4643-8452-030B8C4430C4}.Release|Win32.ActiveCfg = Release|Win32
		{F7E74BAE-4F71-4643-8452-030B8C4430C4}.Release|Win32.Build.0 = Release|Win32
		{747EFD34-6D33-47F0-B653-9CD8A9887AC2}.Debug|Win32.ActiveCfg = Debug|Win32
		{747EFD34-6D33-47F0-B653-9CD8A9887AC2}.Debug|Win32.Build.0 = Debug|Win32
		{747EFD34-6D33-47F0-B653-9CD8A9887AC2}.Release|Win32.ActiveCfg = Release|Win32
		{747EFD34-6D33-47F0-B653-9CD8A9887AC2}.Release|Win32.Build.0 = Release|Win32
	EndGlobalSection
	GlobalSection(SolutionProperties) = preSolution
		HideSolutionNode = FALSE
	EndGlobalSection
EndGlobal
